
Microsoft Visual Studio Solution File, Format Version 12.00
# Visual Studio Version 17
VisualStudioVersion = 17.9.34728.123
MinimumVisualStudioVersion = 10.0.40219.1
Project("{8BC9CEB8-8B4A-11D0-8D11-00A0C91BC942}") = "Editor", "Editor\Editor.vcxproj", "{D2C06D36-C3D7-4B21-8E92-7C660A7A6231}"
	ProjectSection(ProjectDependencies) = postProject
		{0D1B5340-55CE-47F4-B923-E035EB18C90F} = {0D1B5340-55CE-47F4-B923-E035EB18C90F}
		{BE126F8F-B1D3-46D9-999E-07A6A1CD1A4E} = {BE126F8F-B1D3-46D9-999E-07A6A1CD1A4E}
	EndProjectSection
EndProject
Project("{8BC9CEB8-8B4A-11D0-8D11-00A0C91BC942}") = "Renderer", "Renderer\Renderer.vcxproj", "{0D1B5340-55CE-47F4-B923-E035EB18C90F}"
	ProjectSection(ProjectDependencies) = postProject
		{BE126F8F-B1D3-46D9-999E-07A6A1CD1A4E} = {BE126F8F-B1D3-46D9-999E-07A6A1CD1A4E}
	EndProjectSection
EndProject
Project("{8BC9CEB8-8B4A-11D0-8D11-00A0C91BC942}") = "Core", "Core\Core.vcxproj", "{BE126F8F-B1D3-46D9-999E-07A6A1CD1A4E}"
EndProject
Global
	GlobalSection(SolutionConfigurationPlatforms) = preSolution
		Debug|x64 = Debug|x64
		Release|x64 = Release|x64
	EndGlobalSection
	GlobalSection(ProjectConfigurationPlatforms) = postSolution
		{0D1B5340-55CE-47F4-B923-E035EB18C90F}.Debug|x64.ActiveCfg = Debug|x64
		{0D1B5340-55CE-47F4-B923-E035EB18C90F}.Debug|x64.Build.0 = Debug|x64
		{0D1B5340-55CE-47F4-B923-E035EB18C90F}.Release|x64.ActiveCfg = Release|x64
		{0D1B5340-55CE-47F4-B923-E035EB18C90F}.Release|x64.Build.0 = Release|x64
		{BE126F8F-B1D3-46D9-999E-07A6A1CD1A4E}.Debug|x64.ActiveCfg = Debug|x64
		{BE126F8F-B1D3-46D9-999E-07A6A1CD1A4E}.Debug|x64.Build.0 = Debug|x64
		{BE126F8F-B1D3-46D9-999E-07A6A1CD1A4E}.Release|x64.ActiveCfg = Release|x64
		{BE126F8F-B1D3-46D9-999E-07A6A1CD1A4E}.Release|x64.Build.0 = Release|x64
		{D2C06D36-C3D7-4B21-8E92-7C660A7A6231}.Debug|x64.ActiveCfg = Debug|x64
		{D2C06D36-C3D7-4B21-8E92-7C660A7A6231}.Debug|x64.Build.0 = Debug|x64
		{D2C06D36-C3D7-4B21-8E92-7C660A7A6231}.Release|x64.ActiveCfg = Release|x64
		{D2C06D36-C3D7-4B21-8E92-7C660A7A6231}.Release|x64.Build.0 = Release|x64
	EndGlobalSection
	GlobalSection(SolutionProperties) = preSolution
		HideSolutionNode = FALSE
	EndGlobalSection
	GlobalSection(ExtensibilityGlobals) = postSolution
		SolutionGuid = {FCA98320-4E99-4E0C-B567-1E6D25D74D40}
	EndGlobalSection
EndGlobal
