<?xml version="1.0" encoding="utf-8"?>
<Project ToolsVersion="4.0" xmlns="http://schemas.microsoft.com/developer/msbuild/2003">
  <ItemGroup>
    <Filter Include="Source Files">
      <UniqueIdentifier>{4FC737F1-C7A5-4376-A066-2A32D752A2FF}</UniqueIdentifier>
      <Extensions>qml;cpp;c;cc;cxx;def;odl;idl;hpj;bat;asm;asmx</Extensions>
    </Filter>
    <Filter Include="Header Files">
      <UniqueIdentifier>{93995380-89BD-4b04-88EB-625FBE52EBFB}</UniqueIdentifier>
      <Extensions>h;hh;hpp;hxx;hm;inl;inc;xsd</Extensions>
    </Filter>
    <Filter Include="Resource Files">
      <UniqueIdentifier>{67DA6AB6-F800-4c08-8B7A-83BB121AAD01}</UniqueIdentifier>
      <Extensions>qrc;rc;ico;cur;bmp;dlg;rc2;rct;bin;rgs;gif;jpg;jpeg;jpe;resx;tiff;tif;png;wav;mfcribbon-ms</Extensions>
    </Filter>
    <Filter Include="Form Files">
      <UniqueIdentifier>{99349809-55BA-4b9d-BF79-8FDBB0286EB3}</UniqueIdentifier>
      <Extensions>ui</Extensions>
    </Filter>
    <Filter Include="Translation Files">
      <UniqueIdentifier>{639EADAA-A684-42e4-A9AD-28FC9BCB8F7C}</UniqueIdentifier>
      <Extensions>ts</Extensions>
    </Filter>
    <Filter Include="Header Files\DemoScenes">
      <UniqueIdentifier>{da623386-a970-4e0c-a59d-96613260dcb3}</UniqueIdentifier>
    </Filter>
    <Filter Include="Source Files\DemoScenes">
      <UniqueIdentifier>{89b7db75-3aa2-4a06-908d-fa8a87fe74cf}</UniqueIdentifier>
    </Filter>
    <Filter Include="Resource Files\DemoScenes">
      <UniqueIdentifier>{83f3a744-cf7d-4358-8e27-70ca9862afde}</UniqueIdentifier>
    </Filter>
    <Filter Include="Resource Files\DemoScenes\Shaders">
      <UniqueIdentifier>{ff1c2a77-2aa0-44e6-8e0b-384f444a84c8}</UniqueIdentifier>
    </Filter>
    <Filter Include="Header Files\EditorControls">
      <UniqueIdentifier>{cdb1212b-d798-4472-8696-c206fdb652d9}</UniqueIdentifier>
    </Filter>
    <Filter Include="Source Files\EditorControls">
      <UniqueIdentifier>{a5448651-a7f7-420b-b732-465ee3ba1ffe}</UniqueIdentifier>
    </Filter>
    <Filter Include="Header Files\Config">
      <UniqueIdentifier>{6640dddf-228a-4daa-96de-239cc17fbe7e}</UniqueIdentifier>
    </Filter>
    <Filter Include="Source Files\Config">
      <UniqueIdentifier>{7f48b196-2f94-409b-b334-7224f3826806}</UniqueIdentifier>
    </Filter>
  </ItemGroup>
  <ItemGroup>
    <QtMoc Include="EditorWindow.h">
      <Filter>Header Files</Filter>
    </QtMoc>
    <ClCompile Include="EditorWindow.cpp">
      <Filter>Source Files</Filter>
    </ClCompile>
    <QtMoc Include="EditorControls\EditorControlsDialog.h">
      <Filter>Header Files\EditorControls</Filter>
    </QtMoc>
    <QtMoc Include="EditorControls\EditorMainPage.h">
      <Filter>Header Files\EditorControls</Filter>
    </QtMoc>
    <QtMoc Include="EditorControls\EditorDemosPage.h">
      <Filter>Header Files\EditorControls</Filter>
    </QtMoc>
  </ItemGroup>
  <ItemGroup>
    <ClCompile Include="main.cpp">
      <Filter>Source Files</Filter>
    </ClCompile>
    <ClCompile Include="DemoScenes\DemoScene00_Triangle.cpp">
      <Filter>Source Files\DemoScenes</Filter>
    </ClCompile>
    <ClCompile Include="DemoScenes\DemoScene01_TriangleMovingColored.cpp">
      <Filter>Source Files\DemoScenes</Filter>
    </ClCompile>
    <ClCompile Include="EditorControls\EditorMainPage.cpp">
      <Filter>Source Files\EditorControls</Filter>
    </ClCompile>
    <ClCompile Include="EditorControls\EditorControlsDialog.cpp">
      <Filter>Source Files\EditorControls</Filter>
    </ClCompile>
    <ClCompile Include="EditorControls\EditorDemosPage.cpp">
      <Filter>Source Files\EditorControls</Filter>
    </ClCompile>
    <ClCompile Include="DemoScenes\DemoScenesRegistry.cpp">
      <Filter>Source Files\DemoScenes</Filter>
    </ClCompile>
    <ClCompile Include="Config\Config.cpp">
      <Filter>Source Files\Config</Filter>
    </ClCompile>
  </ItemGroup>
  <ItemGroup>
    <ClInclude Include="DemoScenes\DemoScene00_Triangle.h">
      <Filter>Header Files\DemoScenes</Filter>
    </ClInclude>
    <ClInclude Include="DemoScenes\IDemoScene.h">
      <Filter>Header Files\DemoScenes</Filter>
    </ClInclude>
    <ClInclude Include="DemoScenes\DemoScene01_TriangleMovingColored.h">
      <Filter>Header Files\DemoScenes</Filter>
    </ClInclude>
    <ClInclude Include="DemoScenes\DemoScenesRegistry.h">
      <Filter>Header Files\DemoScenes</Filter>
    </ClInclude>
    <ClInclude Include="Config\Config.h">
      <Filter>Header Files\Config</Filter>
    </ClInclude>
  </ItemGroup>
  <ItemGroup>
    <None Include="DemoScenes\Shaders\DemoScene01_vertex.shader">
      <Filter>Resource Files\DemoScenes\Shaders</Filter>
    </None>
    <None Include="DemoScenes\Shaders\DemoScene01_fragment.shader">
      <Filter>Resource Files\DemoScenes\Shaders</Filter>
    </None>
  </ItemGroup>
</Project>